{
  "originHash" : "4c5b7b311f79de8ba501854595603004e87e855719cf3886fb5a40cdb4406643",
  "pins" : [
    {
      "identity" : "azvideoplayer",
      "kind" : "remoteSourceControl",
      "location" : "https://github.com/adamzarn/AZVideoPlayer.git",
      "state" : {
        "revision" : "a5b2403a35d5768ee4af6c2d27ad9f9a6fb2a789",
        "version" : "1.4.0"
      }
    },
    {
      "identity" : "cocoaasyncsocket",
      "kind" : "remoteSourceControl",
      "location" : "https://github.com/robbiehanson/CocoaAsyncSocket.git",
      "state" : {
        "revision" : "dbdc00669c1ced63b27c3c5f052ee4d28f10150c",
        "version" : "7.6.5"
      }
    },
    {
      "identity" : "keychainaccess",
      "kind" : "remoteSourceControl",
      "location" : "https://github.com/kishikawakatsumi/KeychainAccess",
      "state" : {
        "branch" : "master",
        "revision" : "e0c7eebc5a4465a3c4680764f26b7a61f567cdaf"
      }
    }
  ],
  "version" : 3
}
